
Microsoft Visual Studio Solution File, Format Version 12.00
# Visual Studio Version 17
VisualStudioVersion = 17.2.32519.379
MinimumVisualStudioVersion = 10.0.40219.1
Project("{FAE04EC0-301F-11D3-BF4B-00C04F79EFBC}") = "P01DataCzas", "P01DataCzas\P01DataCzas.csproj", "{C09C47DC-D960-4B15-BD11-8B92E3E2828F}"
EndProject
Project("{FAE04EC0-301F-11D3-BF4B-00C04F79EFBC}") = "P02Funkcje", "P02Funkcje\P02Funkcje.csproj", "{39E65338-2A11-4213-BA4A-F4D873FAB256}"
EndProject
Project("{FAE04EC0-301F-11D3-BF4B-00C04F79EFBC}") = "P03WlasneKlasy", "P03WlasneKlasy\P03WlasneKlasy.csproj", "{70E8CE03-4906-4386-9966-5C474CC0A704}"
EndProject
Project("{FAE04EC0-301F-11D3-BF4B-00C04F79EFBC}") = "P04Kontakt", "P04Kontak\P04Kontakt.csproj", "{0F3B59AC-BCC8-4687-AB1E-14C316A3CED1}"
EndProject
Global
	GlobalSection(SolutionConfigurationPlatforms) = preSolution
		Debug|Any CPU = Debug|Any CPU
		Release|Any CPU = Release|Any CPU
	EndGlobalSection
	GlobalSection(ProjectConfigurationPlatforms) = postSolution
		{C09C47DC-D960-4B15-BD11-8B92E3E2828F}.Debug|Any CPU.ActiveCfg = Debug|Any CPU
		{C09C47DC-D960-4B15-BD11-8B92E3E2828F}.Debug|Any CPU.Build.0 = Debug|Any CPU
		{C09C47DC-D960-4B15-BD11-8B92E3E2828F}.Release|Any CPU.ActiveCfg = Release|Any CPU
		{C09C47DC-D960-4B15-BD11-8B92E3E2828F}.Release|Any CPU.Build.0 = Release|Any CPU
		{39E65338-2A11-4213-BA4A-F4D873FAB256}.Debug|Any CPU.ActiveCfg = Debug|Any CPU
		{39E65338-2A11-4213-BA4A-F4D873FAB256}.Debug|Any CPU.Build.0 = Debug|Any CPU
		{39E65338-2A11-4213-BA4A-F4D873FAB256}.Release|Any CPU.ActiveCfg = Release|Any CPU
		{39E65338-2A11-4213-BA4A-F4D873FAB256}.Release|Any CPU.Build.0 = Release|Any CPU
		{70E8CE03-4906-4386-9966-5C474CC0A704}.Debug|Any CPU.ActiveCfg = Debug|Any CPU
		{70E8CE03-4906-4386-9966-5C474CC0A704}.Debug|Any CPU.Build.0 = Debug|Any CPU
		{70E8CE03-4906-4386-9966-5C474CC0A704}.Release|Any CPU.ActiveCfg = Release|Any CPU
		{70E8CE03-4906-4386-9966-5C474CC0A704}.Release|Any CPU.Build.0 = Release|Any CPU
		{0F3B59AC-BCC8-4687-AB1E-14C316A3CED1}.Debug|Any CPU.ActiveCfg = Debug|Any CPU
		{0F3B59AC-BCC8-4687-AB1E-14C316A3CED1}.Debug|Any CPU.Build.0 = Debug|Any CPU
		{0F3B59AC-BCC8-4687-AB1E-14C316A3CED1}.Release|Any CPU.ActiveCfg = Release|Any CPU
		{0F3B59AC-BCC8-4687-AB1E-14C316A3CED1}.Release|Any CPU.Build.0 = Release|Any CPU
	EndGlobalSection
	GlobalSection(SolutionProperties) = preSolution
		HideSolutionNode = FALSE
	EndGlobalSection
	GlobalSection(ExtensibilityGlobals) = postSolution
		SolutionGuid = {8244802D-F5E7-466D-924C-F26D7E9A08C3}
	EndGlobalSection
EndGlobal
